
Microsoft Visual Studio Solution File, Format Version 12.00
# Visual Studio Version 17
VisualStudioVersion = 17.7.34202.233
MinimumVisualStudioVersion = 10.0.40219.1
Project("{FAE04EC0-301F-11D3-BF4B-00C04F79EFBC}") = "InMemoryCaching.Console", "InMemoryCaching.Console\InMemoryCaching.Console.csproj", "{42A2ED50-B12E-4955-8CBA-93FDCBE0503A}"
EndProject
Global
	GlobalSection(SolutionConfigurationPlatforms) = preSolution
		Debug|Any CPU = Debug|Any CPU
		Release|Any CPU = Release|Any CPU
	EndGlobalSection
	GlobalSection(ProjectConfigurationPlatforms) = postSolution
		{42A2ED50-B12E-4955-8CBA-93FDCBE0503A}.Debug|Any CPU.ActiveCfg = Debug|Any CPU
		{42A2ED50-B12E-4955-8CBA-93FDCBE0503A}.Debug|Any CPU.Build.0 = Debug|Any CPU
		{42A2ED50-B12E-4955-8CBA-93FDCBE0503A}.Release|Any CPU.ActiveCfg = Release|Any CPU
		{42A2ED50-B12E-4955-8CBA-93FDCBE0503A}.Release|Any CPU.Build.0 = Release|Any CPU
	EndGlobalSection
	GlobalSection(SolutionProperties) = preSolution
		HideSolutionNode = FALSE
	EndGlobalSection
	GlobalSection(ExtensibilityGlobals) = postSolution
		SolutionGuid = {2367EA7A-08D6-4D8B-80AC-2E054F277749}
	EndGlobalSection
EndGlobal
